// !$*UTF8*$!
{
	archiveVersion = 1;
	classes = {
	};
	objectVersion = 46;
	objects = {

/* Begin PBXBuildFile section */
		EBCF99511BA9664900F11E9B /* AppDelegate.swift in Sources */ = {isa = PBXBuildFile; fileRef = EBCF99501BA9664900F11E9B /* AppDelegate.swift */; };
		EBCF99531BA9664900F11E9B /* ViewController.swift in Sources */ = {isa = PBXBuildFile; fileRef = EBCF99521BA9664900F11E9B /* ViewController.swift */; };
		EBCF99561BA9664900F11E9B /* Main.storyboard in Resources */ = {isa = PBXBuildFile; fileRef = EBCF99541BA9664900F11E9B /* Main.storyboard */; };
		EBCF99581BA9664900F11E9B /* Assets.xcassets in Resources */ = {isa = PBXBuildFile; fileRef = EBCF99571BA9664900F11E9B /* Assets.xcassets */; };
		EBCF995B1BA9664900F11E9B /* LaunchScreen.storyboard in Resources */ = {isa = PBXBuildFile; fileRef = EBCF99591BA9664900F11E9B /* LaunchScreen.storyboard */; };
		EBCF99661BA9664900F11E9B /* UberSideBarTests.swift in Sources */ = {isa = PBXBuildFile; fileRef = EBCF99651BA9664900F11E9B /* UberSideBarTests.swift */; };
		EBCF99711BA9664900F11E9B /* UberSideBarUITests.swift in Sources */ = {isa = PBXBuildFile; fileRef = EBCF99701BA9664900F11E9B /* UberSideBarUITests.swift */; };
		EBCF997F1BA9674400F11E9B /* UberSideBarViewController.swift in Sources */ = {isa = PBXBuildFile; fileRef = EBCF997E1BA9674400F11E9B /* UberSideBarViewController.swift */; settings = {ASSET_TAGS = (); }; };
		EBCF99811BA96DFC00F11E9B /* UberColor.swift in Sources */ = {isa = PBXBuildFile; fileRef = EBCF99801BA96DFC00F11E9B /* UberColor.swift */; settings = {ASSET_TAGS = (); }; };
/* End PBXBuildFile section */

/* Begin PBXContainerItemProxy section */
		EBCF99621BA9664900F11E9B /* PBXContainerItemProxy */ = {
			isa = PBXContainerItemProxy;
			containerPortal = EBCF99451BA9664900F11E9B /* Project object */;
			proxyType = 1;
			remoteGlobalIDString = EBCF994C1BA9664900F11E9B;
			remoteInfo = UberSideBar;
		};
		EBCF996D1BA9664900F11E9B /* PBXContainerItemProxy */ = {
			isa = PBXContainerItemProxy;
			containerPortal = EBCF99451BA9664900F11E9B /* Project object */;
			proxyType = 1;
			remoteGlobalIDString = EBCF994C1BA9664900F11E9B;
			remoteInfo = UberSideBar;
		};
/* End PBXContainerItemProxy section */

/* Begin PBXFileReference section */
		EBCF994D1BA9664900F11E9B /* UberSideBar.app */ = {isa = PBXFileReference; explicitFileType = wrapper.application; includeInIndex = 0; path = UberSideBar.app; sourceTree = BUILT_PRODUCTS_DIR; };
		EBCF99501BA9664900F11E9B /* AppDelegate.swift */ = {isa = PBXFileReference; lastKnownFileType = sourcecode.swift; path = AppDelegate.swift; sourceTree = "<group>"; };
		EBCF99521BA9664900F11E9B /* ViewController.swift */ = {isa = PBXFileReference; lastKnownFileType = sourcecode.swift; path = ViewController.swift; sourceTree = "<group>"; };
		EBCF99551BA9664900F11E9B /* Base */ = {isa = PBXFileReference; lastKnownFileType = file.storyboard; name = Base; path = Base.lproj/Main.storyboard; sourceTree = "<group>"; };
		EBCF99571BA9664900F11E9B /* Assets.xcassets */ = {isa = PBXFileReference; lastKnownFileType = folder.assetcatalog; path = Assets.xcassets; sourceTree = "<group>"; };
		EBCF995A1BA9664900F11E9B /* Base */ = {isa = PBXFileReference; lastKnownFileType = file.storyboard; name = Base; path = Base.lproj/LaunchScreen.storyboard; sourceTree = "<group>"; };
		EBCF995C1BA9664900F11E9B /* Info.plist */ = {isa = PBXFileReference; lastKnownFileType = text.plist.xml; path = Info.plist; sourceTree = "<group>"; };
		EBCF99611BA9664900F11E9B /* UberSideBarTests.xctest */ = {isa = PBXFileReference; explicitFileType = wrapper.cfbundle; includeInIndex = 0; path = UberSideBarTests.xctest; sourceTree = BUILT_PRODUCTS_DIR; };
		EBCF99651BA9664900F11E9B /* UberSideBarTests.swift */ = {isa = PBXFileReference; lastKnownFileType = sourcecode.swift; path = UberSideBarTests.swift; sourceTree = "<group>"; };
		EBCF99671BA9664900F11E9B /* Info.plist */ = {isa = PBXFileReference; lastKnownFileType = text.plist.xml; path = Info.plist; sourceTree = "<group>"; };
		EBCF996C1BA9664900F11E9B /* UberSideBarUITests.xctest */ = {isa = PBXFileReference; explicitFileType = wrapper.cfbundle; includeInIndex = 0; path = UberSideBarUITests.xctest; sourceTree = BUILT_PRODUCTS_DIR; };
		EBCF99701BA9664900F11E9B /* UberSideBarUITests.swift */ = {isa = PBXFileReference; lastKnownFileType = sourcecode.swift; path = UberSideBarUITests.swift; sourceTree = "<group>"; };
		EBCF99721BA9664900F11E9B /* Info.plist */ = {isa = PBXFileReference; lastKnownFileType = text.plist.xml; path = Info.plist; sourceTree = "<group>"; };
		EBCF997E1BA9674400F11E9B /* UberSideBarViewController.swift */ = {isa = PBXFileReference; fileEncoding = 4; lastKnownFileType = sourcecode.swift; path = UberSideBarViewController.swift; sourceTree = "<group>"; };
		EBCF99801BA96DFC00F11E9B /* UberColor.swift */ = {isa = PBXFileReference; fileEncoding = 4; lastKnownFileType = sourcecode.swift; path = UberColor.swift; sourceTree = "<group>"; };
/* End PBXFileReference section */

/* Begin PBXFrameworksBuildPhase section */
		EBCF994A1BA9664900F11E9B /* Frameworks */ = {
			isa = PBXFrameworksBuildPhase;
			buildActionMask = 2147483647;
			files = (
			);
			runOnlyForDeploymentPostprocessing = 0;
		};
		EBCF995E1BA9664900F11E9B /* Frameworks */ = {
			isa = PBXFrameworksBuildPhase;
			buildActionMask = 2147483647;
			files = (
			);
			runOnlyForDeploymentPostprocessing = 0;
		};
		EBCF99691BA9664900F11E9B /* Frameworks */ = {
			isa = PBXFrameworksBuildPhase;
			buildActionMask = 2147483647;
			files = (
			);
			runOnlyForDeploymentPostprocessing = 0;
		};
/* End PBXFrameworksBuildPhase section */

/* Begin PBXGroup section */
		EBCF99441BA9664900F11E9B = {
			isa = PBXGroup;
			children = (
				EBCF994F1BA9664900F11E9B /* UberSideBar */,
				EBCF99641BA9664900F11E9B /* UberSideBarTests */,
				EBCF996F1BA9664900F11E9B /* UberSideBarUITests */,
				EBCF994E1BA9664900F11E9B /* Products */,
			);
			sourceTree = "<group>";
		};
		EBCF994E1BA9664900F11E9B /* Products */ = {
			isa = PBXGroup;
			children = (
				EBCF994D1BA9664900F11E9B /* UberSideBar.app */,
				EBCF99611BA9664900F11E9B /* UberSideBarTests.xctest */,
				EBCF996C1BA9664900F11E9B /* UberSideBarUITests.xctest */,
			);
			name = Products;
			sourceTree = "<group>";
		};
		EBCF994F1BA9664900F11E9B /* UberSideBar */ = {
			isa = PBXGroup;
			children = (
				EBCF99501BA9664900F11E9B /* AppDelegate.swift */,
				EBCF99801BA96DFC00F11E9B /* UberColor.swift */,
				EBCF99521BA9664900F11E9B /* ViewController.swift */,
				EBCF997E1BA9674400F11E9B /* UberSideBarViewController.swift */,
				EBCF99541BA9664900F11E9B /* Main.storyboard */,
				EBCF99571BA9664900F11E9B /* Assets.xcassets */,
				EBCF99591BA9664900F11E9B /* LaunchScreen.storyboard */,
				EBCF995C1BA9664900F11E9B /* Info.plist */,
			);
			path = UberSideBar;
			sourceTree = "<group>";
		};
		EBCF99641BA9664900F11E9B /* UberSideBarTests */ = {
			isa = PBXGroup;
			children = (
				EBCF99651BA9664900F11E9B /* UberSideBarTests.swift */,
				EBCF99671BA9664900F11E9B /* Info.plist */,
			);
			path = UberSideBarTests;
			sourceTree = "<group>";
		};
		EBCF996F1BA9664900F11E9B /* UberSideBarUITests */ = {
			isa = PBXGroup;
			children = (
				EBCF99701BA9664900F11E9B /* UberSideBarUITests.swift */,
				EBCF99721BA9664900F11E9B /* Info.plist */,
			);
			path = UberSideBarUITests;
			sourceTree = "<group>";
		};
/* End PBXGroup section */

/* Begin PBXNativeTarget section */
		EBCF994C1BA9664900F11E9B /* UberSideBar */ = {
			isa = PBXNativeTarget;
			buildConfigurationList = EBCF99751BA9664900F11E9B /* Build configuration list for PBXNativeTarget "UberSideBar" */;
			buildPhases = (
				EBCF99491BA9664900F11E9B /* Sources */,
				EBCF994A1BA9664900F11E9B /* Frameworks */,
				EBCF994B1BA9664900F11E9B /* Resources */,
			);
			buildRules = (
			);
			dependencies = (
			);
			name = UberSideBar;
			productName = UberSideBar;
			productReference = EBCF994D1BA9664900F11E9B /* UberSideBar.app */;
			productType = "com.apple.product-type.application";
		};
		EBCF99601BA9664900F11E9B /* UberSideBarTests */ = {
			isa = PBXNativeTarget;
			buildConfigurationList = EBCF99781BA9664900F11E9B /* Build configuration list for PBXNativeTarget "UberSideBarTests" */;
			buildPhases = (
				EBCF995D1BA9664900F11E9B /* Sources */,
				EBCF995E1BA9664900F11E9B /* Frameworks */,
				EBCF995F1BA9664900F11E9B /* Resources */,
			);
			buildRules = (
			);
			dependencies = (
				EBCF99631BA9664900F11E9B /* PBXTargetDependency */,
			);
			name = UberSideBarTests;
			productName = UberSideBarTests;
			productReference = EBCF99611BA9664900F11E9B /* UberSideBarTests.xctest */;
			productType = "com.apple.product-type.bundle.unit-test";
		};
		EBCF996B1BA9664900F11E9B /* UberSideBarUITests */ = {
			isa = PBXNativeTarget;
			buildConfigurationList = EBCF997B1BA9664900F11E9B /* Build configuration list for PBXNativeTarget "UberSideBarUITests" */;
			buildPhases = (
				EBCF99681BA9664900F11E9B /* Sources */,
				EBCF99691BA9664900F11E9B /* Frameworks */,
				EBCF996A1BA9664900F11E9B /* Resources */,
			);
			buildRules = (
			);
			dependencies = (
				EBCF996E1BA9664900F11E9B /* PBXTargetDependency */,
			);
			name = UberSideBarUITests;
			productName = UberSideBarUITests;
			productReference = EBCF996C1BA9664900F11E9B /* UberSideBarUITests.xctest */;
			productType = "com.apple.product-type.bundle.ui-testing";
		};
/* End PBXNativeTarget section */

/* Begin PBXProject section */
		EBCF99451BA9664900F11E9B /* Project object */ = {
			isa = PBXProject;
			attributes = {
				LastUpgradeCheck = 0700;
				ORGANIZATIONNAME = Donggu;
				TargetAttributes = {
					EBCF994C1BA9664900F11E9B = {
						CreatedOnToolsVersion = 7.0;
					};
					EBCF99601BA9664900F11E9B = {
						CreatedOnToolsVersion = 7.0;
						TestTargetID = EBCF994C1BA9664900F11E9B;
					};
					EBCF996B1BA9664900F11E9B = {
						CreatedOnToolsVersion = 7.0;
						TestTargetID = EBCF994C1BA9664900F11E9B;
					};
				};
			};
			buildConfigurationList = EBCF99481BA9664900F11E9B /* Build configuration list for PBXProject "UberSideBar" */;
			compatibilityVersion = "Xcode 3.2";
			developmentRegion = English;
			hasScannedForEncodings = 0;
			knownRegions = (
				en,
				Base,
			);
			mainGroup = EBCF99441BA9664900F11E9B;
			productRefGroup = EBCF994E1BA9664900F11E9B /* Products */;
			projectDirPath = "";
			projectRoot = "";
			targets = (
				EBCF994C1BA9664900F11E9B /* UberSideBar */,
				EBCF99601BA9664900F11E9B /* UberSideBarTests */,
				EBCF996B1BA9664900F11E9B /* UberSideBarUITests */,
			);
		};
/* End PBXProject section */

/* Begin PBXResourcesBuildPhase section */
		EBCF994B1BA9664900F11E9B /* Resources */ = {
			isa = PBXResourcesBuildPhase;
			buildActionMask = 2147483647;
			files = (
				EBCF995B1BA9664900F11E9B /* LaunchScreen.storyboard in Resources */,
				EBCF99581BA9664900F11E9B /* Assets.xcassets in Resources */,
				EBCF99561BA9664900F11E9B /* Main.storyboard in Resources */,
			);
			runOnlyForDeploymentPostprocessing = 0;
		};
		EBCF995F1BA9664900F11E9B /* Resources */ = {
			isa = PBXResourcesBuildPhase;
			buildActionMask = 2147483647;
			files = (
			);
			runOnlyForDeploymentPostprocessing = 0;
		};
		EBCF996A1BA9664900F11E9B /* Resources */ = {
			isa = PBXResourcesBuildPhase;
			buildActionMask = 2147483647;
			files = (
			);
			runOnlyForDeploymentPostprocessing = 0;
		};
/* End PBXResourcesBuildPhase section */

/* Begin PBXSourcesBuildPhase section */
		EBCF99491BA9664900F11E9B /* Sources */ = {
			isa = PBXSourcesBuildPhase;
			buildActionMask = 2147483647;
			files = (
				EBCF997F1BA9674400F11E9B /* UberSideBarViewController.swift in Sources */,
				EBCF99531BA9664900F11E9B /* ViewController.swift in Sources */,
				EBCF99511BA9664900F11E9B /* AppDelegate.swift in Sources */,
				EBCF99811BA96DFC00F11E9B /* UberColor.swift in Sources */,
			);
			runOnlyForDeploymentPostprocessing = 0;
		};
		EBCF995D1BA9664900F11E9B /* Sources */ = {
			isa = PBXSourcesBuildPhase;
			buildActionMask = 2147483647;
			files = (
				EBCF99661BA9664900F11E9B /* UberSideBarTests.swift in Sources */,
			);
			runOnlyForDeploymentPostprocessing = 0;
		};
		EBCF99681BA9664900F11E9B /* Sources */ = {
			isa = PBXSourcesBuildPhase;
			buildActionMask = 2147483647;
			files = (
				EBCF99711BA9664900F11E9B /* UberSideBarUITests.swift in Sources */,
			);
			runOnlyForDeploymentPostprocessing = 0;
		};
/* End PBXSourcesBuildPhase section */

/* Begin PBXTargetDependency section */
		EBCF99631BA9664900F11E9B /* PBXTargetDependency */ = {
			isa = PBXTargetDependency;
			target = EBCF994C1BA9664900F11E9B /* UberSideBar */;
			targetProxy = EBCF99621BA9664900F11E9B /* PBXContainerItemProxy */;
		};
		EBCF996E1BA9664900F11E9B /* PBXTargetDependency */ = {
			isa = PBXTargetDependency;
			target = EBCF994C1BA9664900F11E9B /* UberSideBar */;
			targetProxy = EBCF996D1BA9664900F11E9B /* PBXContainerItemProxy */;
		};
/* End PBXTargetDependency section */

/* Begin PBXVariantGroup section */
		EBCF99541BA9664900F11E9B /* Main.storyboard */ = {
			isa = PBXVariantGroup;
			children = (
				EBCF99551BA9664900F11E9B /* Base */,
			);
			name = Main.storyboard;
			sourceTree = "<group>";
		};
		EBCF99591BA9664900F11E9B /* LaunchScreen.storyboard */ = {
			isa = PBXVariantGroup;
			children = (
				EBCF995A1BA9664900F11E9B /* Base */,
			);
			name = LaunchScreen.storyboard;
			sourceTree = "<group>";
		};
/* End PBXVariantGroup section */

/* Begin XCBuildConfiguration section */
		EBCF99731BA9664900F11E9B /* Debug */ = {
			isa = XCBuildConfiguration;
			buildSettings = {
				ALWAYS_SEARCH_USER_PATHS = NO;
				CLANG_CXX_LANGUAGE_STANDARD = "gnu++0x";
				CLANG_CXX_LIBRARY = "libc++";
				CLANG_ENABLE_MODULES = YES;
				CLANG_ENABLE_OBJC_ARC = YES;
				CLANG_WARN_BOOL_CONVERSION = YES;
				CLANG_WARN_CONSTANT_CONVERSION = YES;
				CLANG_WARN_DIRECT_OBJC_ISA_USAGE = YES_ERROR;
				CLANG_WARN_EMPTY_BODY = YES;
				CLANG_WARN_ENUM_CONVERSION = YES;
				CLANG_WARN_INT_CONVERSION = YES;
				CLANG_WARN_OBJC_ROOT_CLASS = YES_ERROR;
				CLANG_WARN_UNREACHABLE_CODE = YES;
				CLANG_WARN__DUPLICATE_METHOD_MATCH = YES;
				"CODE_SIGN_IDENTITY[sdk=iphoneos*]" = "iPhone Developer";
				COPY_PHASE_STRIP = NO;
				DEBUG_INFORMATION_FORMAT = dwarf;
				ENABLE_STRICT_OBJC_MSGSEND = YES;
				ENABLE_TESTABILITY = YES;
				GCC_C_LANGUAGE_STANDARD = gnu99;
				GCC_DYNAMIC_NO_PIC = NO;
				GCC_NO_COMMON_BLOCKS = YES;
				GCC_OPTIMIZATION_LEVEL = 0;
				GCC_PREPROCESSOR_DEFINITIONS = (
					"DEBUG=1",
					"$(inherited)",
				);
				GCC_WARN_64_TO_32_BIT_CONVERSION = YES;
				GCC_WARN_ABOUT_RETURN_TYPE = YES_ERROR;
				GCC_WARN_UNDECLARED_SELECTOR = YES;
				GCC_WARN_UNINITIALIZED_AUTOS = YES_AGGRESSIVE;
				GCC_WARN_UNUSED_FUNCTION = YES;
				GCC_WARN_UNUSED_VARIABLE = YES;
				IPHONEOS_DEPLOYMENT_TARGET = 9.0;
				MTL_ENABLE_DEBUG_INFO = YES;
				ONLY_ACTIVE_ARCH = YES;
				SDKROOT = iphoneos;
				SWIFT_OPTIMIZATION_LEVEL = "-Onone";
			};
			name = Debug;
		};
		EBCF99741BA9664900F11E9B /* Release */ = {
			isa = XCBuildConfiguration;
			buildSettings = {
				ALWAYS_SEARCH_USER_PATHS = NO;
				CLANG_CXX_LANGUAGE_STANDARD = "gnu++0x";
				CLANG_CXX_LIBRARY = "libc++";
				CLANG_ENABLE_MODULES = YES;
				CLANG_ENABLE_OBJC_ARC = YES;
				CLANG_WARN_BOOL_CONVERSION = YES;
				CLANG_WARN_CONSTANT_CONVERSION = YES;
				CLANG_WARN_DIRECT_OBJC_ISA_USAGE = YES_ERROR;
				CLANG_WARN_EMPTY_BODY = YES;
				CLANG_WARN_ENUM_CONVERSION = YES;
				CLANG_WARN_INT_CONVERSION = YES;
				CLANG_WARN_OBJC_ROOT_CLASS = YES_ERROR;
				CLANG_WARN_UNREACHABLE_CODE = YES;
				CLANG_WARN__DUPLICATE_METHOD_MATCH = YES;
				"CODE_SIGN_IDENTITY[sdk=iphoneos*]" = "iPhone Developer";
				COPY_PHASE_STRIP = NO;
				DEBUG_INFORMATION_FORMAT = "dwarf-with-dsym";
				ENABLE_NS_ASSERTIONS = NO;
				ENABLE_STRICT_OBJC_MSGSEND = YES;
				GCC_C_LANGUAGE_STANDARD = gnu99;
				GCC_NO_COMMON_BLOCKS = YES;
				GCC_WARN_64_TO_32_BIT_CONVERSION = YES;
				GCC_WARN_ABOUT_RETURN_TYPE = YES_ERROR;
				GCC_WARN_UNDECLARED_SELECTOR = YES;
				GCC_WARN_UNINITIALIZED_AUTOS = YES_AGGRESSIVE;
				GCC_WARN_UNUSED_FUNCTION = YES;
				GCC_WARN_UNUSED_VARIABLE = YES;
				IPHONEOS_DEPLOYMENT_TARGET = 9.0;
				MTL_ENABLE_DEBUG_INFO = NO;
				SDKROOT = iphoneos;
				VALIDATE_PRODUCT = YES;
			};
			name = Release;
		};
		EBCF99761BA9664900F11E9B /* Debug */ = {
			isa = XCBuildConfiguration;
			buildSettings = {
				ASSETCATALOG_COMPILER_APPICON_NAME = AppIcon;
				INFOPLIST_FILE = UberSideBar/Info.plist;
				IPHONEOS_DEPLOYMENT_TARGET = 8.0;
				LD_RUNPATH_SEARCH_PATHS = "$(inherited) @executable_path/Frameworks";
				PRODUCT_BUNDLE_IDENTIFIER = com.Donggu.UberSideBar;
				PRODUCT_NAME = "$(TARGET_NAME)";
			};
			name = Debug;
		};
		EBCF99771BA9664900F11E9B /* Release */ = {
			isa = XCBuildConfiguration;
			buildSettings = {
				ASSETCATALOG_COMPILER_APPICON_NAME = AppIcon;
				INFOPLIST_FILE = UberSideBar/Info.plist;
				IPHONEOS_DEPLOYMENT_TARGET = 8.0;
				LD_RUNPATH_SEARCH_PATHS = "$(inherited) @executable_path/Frameworks";
				PRODUCT_BUNDLE_IDENTIFIER = com.Donggu.UberSideBar;
				PRODUCT_NAME = "$(TARGET_NAME)";
			};
			name = Release;
		};
		EBCF99791BA9664900F11E9B /* Debug */ = {
			isa = XCBuildConfiguration;
			buildSettings = {
				BUNDLE_LOADER = "$(TEST_HOST)";
				INFOPLIST_FILE = UberSideBarTests/Info.plist;
				LD_RUNPATH_SEARCH_PATHS = "$(inherited) @executable_path/Frameworks @loader_path/Frameworks";
				PRODUCT_BUNDLE_IDENTIFIER = com.Donggu.UberSideBarTests;
				PRODUCT_NAME = "$(TARGET_NAME)";
				TEST_HOST = "$(BUILT_PRODUCTS_DIR)/UberSideBar.app/UberSideBar";
			};
			name = Debug;
		};
		EBCF997A1BA9664900F11E9B /* Release */ = {
			isa = XCBuildConfiguration;
			buildSettings = {
				BUNDLE_LOADER = "$(TEST_HOST)";
				INFOPLIST_FILE = UberSideBarTests/Info.plist;
				LD_RUNPATH_SEARCH_PATHS = "$(inherited) @executable_path/Frameworks @loader_path/Frameworks";
				PRODUCT_BUNDLE_IDENTIFIER = com.Donggu.UberSideBarTests;
				PRODUCT_NAME = "$(TARGET_NAME)";
				TEST_HOST = "$(BUILT_PRODUCTS_DIR)/UberSideBar.app/UberSideBar";
			};
			name = Release;
		};
		EBCF997C1BA9664900F11E9B /* Debug */ = {
			isa = XCBuildConfiguration;
			buildSettings = {
				INFOPLIST_FILE = UberSideBarUITests/Info.plist;
				LD_RUNPATH_SEARCH_PATHS = "$(inherited) @executable_path/Frameworks @loader_path/Frameworks";
				PRODUCT_BUNDLE_IDENTIFIER = com.Donggu.UberSideBarUITests;
				PRODUCT_NAME = "$(TARGET_NAME)";
				TEST_TARGET_NAME = UberSideBar;
				USES_XCTRUNNER = YES;
			};
			name = Debug;
		};
		EBCF997D1BA9664900F11E9B /* Release */ = {
			isa = XCBuildConfiguration;
			buildSettings = {
				INFOPLIST_FILE = UberSideBarUITests/Info.plist;
				LD_RUNPATH_SEARCH_PATHS = "$(inherited) @executable_path/Frameworks @loader_path/Frameworks";
				PRODUCT_BUNDLE_IDENTIFIER = com.Donggu.UberSideBarUITests;
				PRODUCT_NAME = "$(TARGET_NAME)";
				TEST_TARGET_NAME = UberSideBar;
				USES_XCTRUNNER = YES;
			};
			name = Release;
		};
/* End XCBuildConfiguration section */

/* Begin XCConfigurationList section */
		EBCF99481BA9664900F11E9B /* Build configuration list for PBXProject "UberSideBar" */ = {
			isa = XCConfigurationList;
			buildConfigurations = (
				EBCF99731BA9664900F11E9B /* Debug */,
				EBCF99741BA9664900F11E9B /* Release */,
			);
			defaultConfigurationIsVisible = 0;
			defaultConfigurationName = Release;
		};
		EBCF99751BA9664900F11E9B /* Build configuration list for PBXNativeTarget "UberSideBar" */ = {
			isa = XCConfigurationList;
			buildConfigurations = (
				EBCF99761BA9664900F11E9B /* Debug */,
				EBCF99771BA9664900F11E9B /* Release */,
			);
			defaultConfigurationIsVisible = 0;
			defaultConfigurationName = Release;
		};
		EBCF99781BA9664900F11E9B /* Build configuration list for PBXNativeTarget "UberSideBarTests" */ = {
			isa = XCConfigurationList;
			buildConfigurations = (
				EBCF99791BA9664900F11E9B /* Debug */,
				EBCF997A1BA9664900F11E9B /* Release */,
			);
			defaultConfigurationIsVisible = 0;
			defaultConfigurationName = Release;
		};
		EBCF997B1BA9664900F11E9B /* Build configuration list for PBXNativeTarget "UberSideBarUITests" */ = {
			isa = XCConfigurationList;
			buildConfigurations = (
				EBCF997C1BA9664900F11E9B /* Debug */,
				EBCF997D1BA9664900F11E9B /* Release */,
			);
			defaultConfigurationIsVisible = 0;
			defaultConfigurationName = Release;
		};
/* End XCConfigurationList section */
	};
	rootObject = EBCF99451BA9664900F11E9B /* Project object */;
}
